
Microsoft Visual Studio Solution File, Format Version 12.00
# Visual Studio 14
VisualStudioVersion = 14.0.25420.1
MinimumVisualStudioVersion = 10.0.40219.1
Project("{FAE04EC0-301F-11D3-BF4B-00C04F79EFBC}") = "BG.Application.RunConsole", "Applications\src\BG.Application.RunConsole\BG.Application.RunConsole.csproj", "{7041ABB5-A1F2-4D00-83A6-63C461D5C640}"
EndProject
Project("{2150E333-8FDC-42A3-9474-1A3956D46DE8}") = "Applications", "Applications", "{74D3154E-1A35-43E9-BD84-7640E1249D25}"
EndProject
Project("{2150E333-8FDC-42A3-9474-1A3956D46DE8}") = "Models", "Models", "{802DD649-6D9B-4151-97EF-ED65B8FDA07E}"
EndProject
Project("{2150E333-8FDC-42A3-9474-1A3956D46DE8}") = "src", "src", "{553A45A8-94E1-4684-B50F-14668263C89C}"
EndProject
Project("{2150E333-8FDC-42A3-9474-1A3956D46DE8}") = "tests", "tests", "{8C28C755-5256-4124-8650-12CA4835C1AD}"
EndProject
Project("{2150E333-8FDC-42A3-9474-1A3956D46DE8}") = "Process", "Process", "{A39F2156-6A94-41A7-98D0-510F5B4FA905}"
EndProject
Project("{FAE04EC0-301F-11D3-BF4B-00C04F79EFBC}") = "BG.DAL", "Models\src\BG.DAL\BG.DAL.csproj", "{FA619AD8-C27D-4D16-A699-CF03FC65AFE9}"
EndProject
Project("{FAE04EC0-301F-11D3-BF4B-00C04F79EFBC}") = "BG.Domain.DocumentsGenerator", "Process\src\BG.Domain.DocumentsGenerator\BG.Domain.DocumentsGenerator.csproj", "{62E354D7-C44B-45E4-832D-27C026EA4698}"
EndProject
Project("{2150E333-8FDC-42A3-9474-1A3956D46DE8}") = "Infrastructure", "Infrastructure", "{45E9A179-04E4-48C2-8FFA-1BBB5F55143C}"
EndProject
Project("{FAE04EC0-301F-11D3-BF4B-00C04F79EFBC}") = "BG.Infrastructure.Common", "Infrastructure\src\BG.Infrastructure.Common\BG.Infrastructure.Common.csproj", "{68F1F4A8-6535-454E-99D1-7B9BD0C353B6}"
EndProject
Project("{FAE04EC0-301F-11D3-BF4B-00C04F79EFBC}") = "BG.Infrastructure.Morphology", "Infrastructure\src\BG.Infrastructure.Morphology\BG.Infrastructure.Morphology.csproj", "{0CFE66A7-4595-4FEB-9C08-E7500F05B5FF}"
EndProject
Project("{FAE04EC0-301F-11D3-BF4B-00C04F79EFBC}") = "BG.Application.DocumentsGenerator", "Applications\src\BG.Application.DocumentsGenerator\BG.Application.DocumentsGenerator.csproj", "{B153F1DB-1E00-49EC-B436-D1EC445C4B1F}"
EndProject
Project("{FAE04EC0-301F-11D3-BF4B-00C04F79EFBC}") = "BG.LicenseDAL", "BG.LicenseDAL\BG.LicenseDAL.csproj", "{E5E75AE2-F796-4751-A62B-A903C26CB035}"
EndProject
Project("{FAE04EC0-301F-11D3-BF4B-00C04F79EFBC}") = "BG.Infrastructure.Process", "Infrastructure\src\BG.Infrastructure.Process\BG.Infrastructure.Process.csproj", "{C75F238F-00DE-4F4F-BCED-767E69FE89E1}"
EndProject
Project("{FAE04EC0-301F-11D3-BF4B-00C04F79EFBC}") = "BG.Domain.Authentication", "Process\src\BG.Domain.Authentication\BG.Domain.Authentication.csproj", "{8CCF927D-B4E2-4B48-8D35-F62D65BB6DEF}"
EndProject
Project("{2150E333-8FDC-42A3-9474-1A3956D46DE8}") = "Process", "Process", "{0486B8BF-9BC0-4DA8-9E38-9B8B536C2A09}"
EndProject
Project("{FAE04EC0-301F-11D3-BF4B-00C04F79EFBC}") = "BG.Domain.Authentication.Tests", "Process\tests\BG.Domain.Authentication.Tests\BG.Domain.Authentication.Tests.csproj", "{874A30CC-4F27-4914-962E-FEAD690F60AF}"
EndProject
Project("{FAE04EC0-301F-11D3-BF4B-00C04F79EFBC}") = "BG.Application.Portal", "Applications\src\BG.Application.Portal\BG.Application.Portal.csproj", "{7490254F-AA1B-4991-A088-0008E5C18CF2}"
EndProject
Project("{2150E333-8FDC-42A3-9474-1A3956D46DE8}") = "Infrastructure", "Infrastructure", "{1BFA4AB0-59DD-4CDC-8153-6F3FE9A718BB}"
EndProject
Project("{FAE04EC0-301F-11D3-BF4B-00C04F79EFBC}") = "BG.Domain.Infrastructure.Tests", "Infrastructure\tests\BG.Domain.Infrastructure.Tests\BG.Domain.Infrastructure.Tests.csproj", "{A18889DC-0AE6-469F-82D8-BB1012A6646A}"
EndProject
Project("{FAE04EC0-301F-11D3-BF4B-00C04F79EFBC}") = "BG.Infrastructure.UICommon", "Infrastructure\src\BG.Infrastructure.UICommon\BG.Infrastructure.UICommon.csproj", "{C4AB377D-9E3D-4527-B049-162D1590E5AD}"
EndProject
Global
	GlobalSection(SolutionConfigurationPlatforms) = preSolution
		BasisRelease|Any CPU = BasisRelease|Any CPU
		Debug|Any CPU = Debug|Any CPU
		LiteRelease|Any CPU = LiteRelease|Any CPU
		Production|Any CPU = Production|Any CPU
		ProRelease|Any CPU = ProRelease|Any CPU
		Release|Any CPU = Release|Any CPU
		ReleaseWebProd|Any CPU = ReleaseWebProd|Any CPU
		ReleaseWebTest|Any CPU = ReleaseWebTest|Any CPU
		Test|Any CPU = Test|Any CPU
	EndGlobalSection
	GlobalSection(ProjectConfigurationPlatforms) = postSolution
		{7041ABB5-A1F2-4D00-83A6-63C461D5C640}.BasisRelease|Any CPU.ActiveCfg = BasisRelease|Any CPU
		{7041ABB5-A1F2-4D00-83A6-63C461D5C640}.BasisRelease|Any CPU.Build.0 = BasisRelease|Any CPU
		{7041ABB5-A1F2-4D00-83A6-63C461D5C640}.Debug|Any CPU.ActiveCfg = Debug|Any CPU
		{7041ABB5-A1F2-4D00-83A6-63C461D5C640}.Debug|Any CPU.Build.0 = Debug|Any CPU
		{7041ABB5-A1F2-4D00-83A6-63C461D5C640}.LiteRelease|Any CPU.ActiveCfg = LiteRelease|Any CPU
		{7041ABB5-A1F2-4D00-83A6-63C461D5C640}.LiteRelease|Any CPU.Build.0 = LiteRelease|Any CPU
		{7041ABB5-A1F2-4D00-83A6-63C461D5C640}.Production|Any CPU.ActiveCfg = ProRelease|Any CPU
		{7041ABB5-A1F2-4D00-83A6-63C461D5C640}.Production|Any CPU.Build.0 = ProRelease|Any CPU
		{7041ABB5-A1F2-4D00-83A6-63C461D5C640}.ProRelease|Any CPU.ActiveCfg = ProRelease|Any CPU
		{7041ABB5-A1F2-4D00-83A6-63C461D5C640}.ProRelease|Any CPU.Build.0 = ProRelease|Any CPU
		{7041ABB5-A1F2-4D00-83A6-63C461D5C640}.Release|Any CPU.ActiveCfg = Release|Any CPU
		{7041ABB5-A1F2-4D00-83A6-63C461D5C640}.Release|Any CPU.Build.0 = Release|Any CPU
		{7041ABB5-A1F2-4D00-83A6-63C461D5C640}.ReleaseWebProd|Any CPU.ActiveCfg = Release|Any CPU
		{7041ABB5-A1F2-4D00-83A6-63C461D5C640}.ReleaseWebProd|Any CPU.Build.0 = Release|Any CPU
		{7041ABB5-A1F2-4D00-83A6-63C461D5C640}.ReleaseWebTest|Any CPU.ActiveCfg = Release|Any CPU
		{7041ABB5-A1F2-4D00-83A6-63C461D5C640}.ReleaseWebTest|Any CPU.Build.0 = Release|Any CPU
		{7041ABB5-A1F2-4D00-83A6-63C461D5C640}.Test|Any CPU.ActiveCfg = Release|Any CPU
		{7041ABB5-A1F2-4D00-83A6-63C461D5C640}.Test|Any CPU.Build.0 = Release|Any CPU
		{FA619AD8-C27D-4D16-A699-CF03FC65AFE9}.BasisRelease|Any CPU.ActiveCfg = BasisRelease|Any CPU
		{FA619AD8-C27D-4D16-A699-CF03FC65AFE9}.BasisRelease|Any CPU.Build.0 = BasisRelease|Any CPU
		{FA619AD8-C27D-4D16-A699-CF03FC65AFE9}.Debug|Any CPU.ActiveCfg = Debug|Any CPU
		{FA619AD8-C27D-4D16-A699-CF03FC65AFE9}.Debug|Any CPU.Build.0 = Debug|Any CPU
		{FA619AD8-C27D-4D16-A699-CF03FC65AFE9}.LiteRelease|Any CPU.ActiveCfg = LiteRelease|Any CPU
		{FA619AD8-C27D-4D16-A699-CF03FC65AFE9}.LiteRelease|Any CPU.Build.0 = LiteRelease|Any CPU
		{FA619AD8-C27D-4D16-A699-CF03FC65AFE9}.Production|Any CPU.ActiveCfg = ProRelease|Any CPU
		{FA619AD8-C27D-4D16-A699-CF03FC65AFE9}.Production|Any CPU.Build.0 = ProRelease|Any CPU
		{FA619AD8-C27D-4D16-A699-CF03FC65AFE9}.ProRelease|Any CPU.ActiveCfg = ProRelease|Any CPU
		{FA619AD8-C27D-4D16-A699-CF03FC65AFE9}.ProRelease|Any CPU.Build.0 = ProRelease|Any CPU
		{FA619AD8-C27D-4D16-A699-CF03FC65AFE9}.Release|Any CPU.ActiveCfg = Release|Any CPU
		{FA619AD8-C27D-4D16-A699-CF03FC65AFE9}.Release|Any CPU.Build.0 = Release|Any CPU
		{FA619AD8-C27D-4D16-A699-CF03FC65AFE9}.ReleaseWebProd|Any CPU.ActiveCfg = Release|Any CPU
		{FA619AD8-C27D-4D16-A699-CF03FC65AFE9}.ReleaseWebProd|Any CPU.Build.0 = Release|Any CPU
		{FA619AD8-C27D-4D16-A699-CF03FC65AFE9}.ReleaseWebTest|Any CPU.ActiveCfg = Release|Any CPU
		{FA619AD8-C27D-4D16-A699-CF03FC65AFE9}.ReleaseWebTest|Any CPU.Build.0 = Release|Any CPU
		{FA619AD8-C27D-4D16-A699-CF03FC65AFE9}.Test|Any CPU.ActiveCfg = Release|Any CPU
		{FA619AD8-C27D-4D16-A699-CF03FC65AFE9}.Test|Any CPU.Build.0 = Release|Any CPU
		{62E354D7-C44B-45E4-832D-27C026EA4698}.BasisRelease|Any CPU.ActiveCfg = BasisRelease|Any CPU
		{62E354D7-C44B-45E4-832D-27C026EA4698}.BasisRelease|Any CPU.Build.0 = BasisRelease|Any CPU
		{62E354D7-C44B-45E4-832D-27C026EA4698}.Debug|Any CPU.ActiveCfg = Debug|Any CPU
		{62E354D7-C44B-45E4-832D-27C026EA4698}.Debug|Any CPU.Build.0 = Debug|Any CPU
		{62E354D7-C44B-45E4-832D-27C026EA4698}.LiteRelease|Any CPU.ActiveCfg = LiteRelease|Any CPU
		{62E354D7-C44B-45E4-832D-27C026EA4698}.LiteRelease|Any CPU.Build.0 = LiteRelease|Any CPU
		{62E354D7-C44B-45E4-832D-27C026EA4698}.Production|Any CPU.ActiveCfg = ProRelease|Any CPU
		{62E354D7-C44B-45E4-832D-27C026EA4698}.Production|Any CPU.Build.0 = ProRelease|Any CPU
		{62E354D7-C44B-45E4-832D-27C026EA4698}.ProRelease|Any CPU.ActiveCfg = ProRelease|Any CPU
		{62E354D7-C44B-45E4-832D-27C026EA4698}.ProRelease|Any CPU.Build.0 = ProRelease|Any CPU
		{62E354D7-C44B-45E4-832D-27C026EA4698}.Release|Any CPU.ActiveCfg = Release|Any CPU
		{62E354D7-C44B-45E4-832D-27C026EA4698}.Release|Any CPU.Build.0 = Release|Any CPU
		{62E354D7-C44B-45E4-832D-27C026EA4698}.ReleaseWebProd|Any CPU.ActiveCfg = Release|Any CPU
		{62E354D7-C44B-45E4-832D-27C026EA4698}.ReleaseWebProd|Any CPU.Build.0 = Release|Any CPU
		{62E354D7-C44B-45E4-832D-27C026EA4698}.ReleaseWebTest|Any CPU.ActiveCfg = Release|Any CPU
		{62E354D7-C44B-45E4-832D-27C026EA4698}.ReleaseWebTest|Any CPU.Build.0 = Release|Any CPU
		{62E354D7-C44B-45E4-832D-27C026EA4698}.Test|Any CPU.ActiveCfg = Release|Any CPU
		{62E354D7-C44B-45E4-832D-27C026EA4698}.Test|Any CPU.Build.0 = Release|Any CPU
		{68F1F4A8-6535-454E-99D1-7B9BD0C353B6}.BasisRelease|Any CPU.ActiveCfg = BasisRelease|Any CPU
		{68F1F4A8-6535-454E-99D1-7B9BD0C353B6}.BasisRelease|Any CPU.Build.0 = BasisRelease|Any CPU
		{68F1F4A8-6535-454E-99D1-7B9BD0C353B6}.Debug|Any CPU.ActiveCfg = Debug|Any CPU
		{68F1F4A8-6535-454E-99D1-7B9BD0C353B6}.Debug|Any CPU.Build.0 = Debug|Any CPU
		{68F1F4A8-6535-454E-99D1-7B9BD0C353B6}.LiteRelease|Any CPU.ActiveCfg = LiteRelease|Any CPU
		{68F1F4A8-6535-454E-99D1-7B9BD0C353B6}.LiteRelease|Any CPU.Build.0 = LiteRelease|Any CPU
		{68F1F4A8-6535-454E-99D1-7B9BD0C353B6}.Production|Any CPU.ActiveCfg = ProRelease|Any CPU
		{68F1F4A8-6535-454E-99D1-7B9BD0C353B6}.Production|Any CPU.Build.0 = ProRelease|Any CPU
		{68F1F4A8-6535-454E-99D1-7B9BD0C353B6}.ProRelease|Any CPU.ActiveCfg = ProRelease|Any CPU
		{68F1F4A8-6535-454E-99D1-7B9BD0C353B6}.ProRelease|Any CPU.Build.0 = ProRelease|Any CPU
		{68F1F4A8-6535-454E-99D1-7B9BD0C353B6}.Release|Any CPU.ActiveCfg = Release|Any CPU
		{68F1F4A8-6535-454E-99D1-7B9BD0C353B6}.Release|Any CPU.Build.0 = Release|Any CPU
		{68F1F4A8-6535-454E-99D1-7B9BD0C353B6}.ReleaseWebProd|Any CPU.ActiveCfg = Release|Any CPU
		{68F1F4A8-6535-454E-99D1-7B9BD0C353B6}.ReleaseWebProd|Any CPU.Build.0 = Release|Any CPU
		{68F1F4A8-6535-454E-99D1-7B9BD0C353B6}.ReleaseWebTest|Any CPU.ActiveCfg = Release|Any CPU
		{68F1F4A8-6535-454E-99D1-7B9BD0C353B6}.ReleaseWebTest|Any CPU.Build.0 = Release|Any CPU
		{68F1F4A8-6535-454E-99D1-7B9BD0C353B6}.Test|Any CPU.ActiveCfg = Release|Any CPU
		{68F1F4A8-6535-454E-99D1-7B9BD0C353B6}.Test|Any CPU.Build.0 = Release|Any CPU
		{0CFE66A7-4595-4FEB-9C08-E7500F05B5FF}.BasisRelease|Any CPU.ActiveCfg = BasisRelease|Any CPU
		{0CFE66A7-4595-4FEB-9C08-E7500F05B5FF}.BasisRelease|Any CPU.Build.0 = BasisRelease|Any CPU
		{0CFE66A7-4595-4FEB-9C08-E7500F05B5FF}.Debug|Any CPU.ActiveCfg = Debug|Any CPU
		{0CFE66A7-4595-4FEB-9C08-E7500F05B5FF}.Debug|Any CPU.Build.0 = Debug|Any CPU
		{0CFE66A7-4595-4FEB-9C08-E7500F05B5FF}.LiteRelease|Any CPU.ActiveCfg = LiteRelease|Any CPU
		{0CFE66A7-4595-4FEB-9C08-E7500F05B5FF}.LiteRelease|Any CPU.Build.0 = LiteRelease|Any CPU
		{0CFE66A7-4595-4FEB-9C08-E7500F05B5FF}.Production|Any CPU.ActiveCfg = ProRelease|Any CPU
		{0CFE66A7-4595-4FEB-9C08-E7500F05B5FF}.Production|Any CPU.Build.0 = ProRelease|Any CPU
		{0CFE66A7-4595-4FEB-9C08-E7500F05B5FF}.ProRelease|Any CPU.ActiveCfg = ProRelease|Any CPU
		{0CFE66A7-4595-4FEB-9C08-E7500F05B5FF}.ProRelease|Any CPU.Build.0 = ProRelease|Any CPU
		{0CFE66A7-4595-4FEB-9C08-E7500F05B5FF}.Release|Any CPU.ActiveCfg = Release|Any CPU
		{0CFE66A7-4595-4FEB-9C08-E7500F05B5FF}.Release|Any CPU.Build.0 = Release|Any CPU
		{0CFE66A7-4595-4FEB-9C08-E7500F05B5FF}.ReleaseWebProd|Any CPU.ActiveCfg = Release|Any CPU
		{0CFE66A7-4595-4FEB-9C08-E7500F05B5FF}.ReleaseWebProd|Any CPU.Build.0 = Release|Any CPU
		{0CFE66A7-4595-4FEB-9C08-E7500F05B5FF}.ReleaseWebTest|Any CPU.ActiveCfg = Release|Any CPU
		{0CFE66A7-4595-4FEB-9C08-E7500F05B5FF}.ReleaseWebTest|Any CPU.Build.0 = Release|Any CPU
		{0CFE66A7-4595-4FEB-9C08-E7500F05B5FF}.Test|Any CPU.ActiveCfg = Release|Any CPU
		{0CFE66A7-4595-4FEB-9C08-E7500F05B5FF}.Test|Any CPU.Build.0 = Release|Any CPU
		{B153F1DB-1E00-49EC-B436-D1EC445C4B1F}.BasisRelease|Any CPU.ActiveCfg = BasisRelease|Any CPU
		{B153F1DB-1E00-49EC-B436-D1EC445C4B1F}.BasisRelease|Any CPU.Build.0 = BasisRelease|Any CPU
		{B153F1DB-1E00-49EC-B436-D1EC445C4B1F}.Debug|Any CPU.ActiveCfg = Debug|Any CPU
		{B153F1DB-1E00-49EC-B436-D1EC445C4B1F}.Debug|Any CPU.Build.0 = Debug|Any CPU
		{B153F1DB-1E00-49EC-B436-D1EC445C4B1F}.LiteRelease|Any CPU.ActiveCfg = LiteRelease|Any CPU
		{B153F1DB-1E00-49EC-B436-D1EC445C4B1F}.LiteRelease|Any CPU.Build.0 = LiteRelease|Any CPU
		{B153F1DB-1E00-49EC-B436-D1EC445C4B1F}.Production|Any CPU.ActiveCfg = ProRelease|Any CPU
		{B153F1DB-1E00-49EC-B436-D1EC445C4B1F}.Production|Any CPU.Build.0 = ProRelease|Any CPU
		{B153F1DB-1E00-49EC-B436-D1EC445C4B1F}.ProRelease|Any CPU.ActiveCfg = ProRelease|Any CPU
		{B153F1DB-1E00-49EC-B436-D1EC445C4B1F}.ProRelease|Any CPU.Build.0 = ProRelease|Any CPU
		{B153F1DB-1E00-49EC-B436-D1EC445C4B1F}.Release|Any CPU.ActiveCfg = Release|Any CPU
		{B153F1DB-1E00-49EC-B436-D1EC445C4B1F}.Release|Any CPU.Build.0 = Release|Any CPU
		{B153F1DB-1E00-49EC-B436-D1EC445C4B1F}.ReleaseWebProd|Any CPU.ActiveCfg = Release|Any CPU
		{B153F1DB-1E00-49EC-B436-D1EC445C4B1F}.ReleaseWebProd|Any CPU.Build.0 = Release|Any CPU
		{B153F1DB-1E00-49EC-B436-D1EC445C4B1F}.ReleaseWebTest|Any CPU.ActiveCfg = Release|Any CPU
		{B153F1DB-1E00-49EC-B436-D1EC445C4B1F}.ReleaseWebTest|Any CPU.Build.0 = Release|Any CPU
		{B153F1DB-1E00-49EC-B436-D1EC445C4B1F}.Test|Any CPU.ActiveCfg = Release|Any CPU
		{B153F1DB-1E00-49EC-B436-D1EC445C4B1F}.Test|Any CPU.Build.0 = Release|Any CPU
		{E5E75AE2-F796-4751-A62B-A903C26CB035}.BasisRelease|Any CPU.ActiveCfg = BasisRelease|Any CPU
		{E5E75AE2-F796-4751-A62B-A903C26CB035}.BasisRelease|Any CPU.Build.0 = BasisRelease|Any CPU
		{E5E75AE2-F796-4751-A62B-A903C26CB035}.Debug|Any CPU.ActiveCfg = Debug|Any CPU
		{E5E75AE2-F796-4751-A62B-A903C26CB035}.Debug|Any CPU.Build.0 = Debug|Any CPU
		{E5E75AE2-F796-4751-A62B-A903C26CB035}.LiteRelease|Any CPU.ActiveCfg = LiteRelease|Any CPU
		{E5E75AE2-F796-4751-A62B-A903C26CB035}.LiteRelease|Any CPU.Build.0 = LiteRelease|Any CPU
		{E5E75AE2-F796-4751-A62B-A903C26CB035}.Production|Any CPU.ActiveCfg = Release|Any CPU
		{E5E75AE2-F796-4751-A62B-A903C26CB035}.Production|Any CPU.Build.0 = Release|Any CPU
		{E5E75AE2-F796-4751-A62B-A903C26CB035}.ProRelease|Any CPU.ActiveCfg = ProRelease|Any CPU
		{E5E75AE2-F796-4751-A62B-A903C26CB035}.ProRelease|Any CPU.Build.0 = ProRelease|Any CPU
		{E5E75AE2-F796-4751-A62B-A903C26CB035}.Release|Any CPU.ActiveCfg = Release|Any CPU
		{E5E75AE2-F796-4751-A62B-A903C26CB035}.Release|Any CPU.Build.0 = Release|Any CPU
		{E5E75AE2-F796-4751-A62B-A903C26CB035}.ReleaseWebProd|Any CPU.ActiveCfg = Release|Any CPU
		{E5E75AE2-F796-4751-A62B-A903C26CB035}.ReleaseWebProd|Any CPU.Build.0 = Release|Any CPU
		{E5E75AE2-F796-4751-A62B-A903C26CB035}.ReleaseWebTest|Any CPU.ActiveCfg = Release|Any CPU
		{E5E75AE2-F796-4751-A62B-A903C26CB035}.ReleaseWebTest|Any CPU.Build.0 = Release|Any CPU
		{E5E75AE2-F796-4751-A62B-A903C26CB035}.Test|Any CPU.ActiveCfg = Release|Any CPU
		{E5E75AE2-F796-4751-A62B-A903C26CB035}.Test|Any CPU.Build.0 = Release|Any CPU
		{C75F238F-00DE-4F4F-BCED-767E69FE89E1}.BasisRelease|Any CPU.ActiveCfg = BasisRelease|Any CPU
		{C75F238F-00DE-4F4F-BCED-767E69FE89E1}.BasisRelease|Any CPU.Build.0 = BasisRelease|Any CPU
		{C75F238F-00DE-4F4F-BCED-767E69FE89E1}.Debug|Any CPU.ActiveCfg = Debug|Any CPU
		{C75F238F-00DE-4F4F-BCED-767E69FE89E1}.Debug|Any CPU.Build.0 = Debug|Any CPU
		{C75F238F-00DE-4F4F-BCED-767E69FE89E1}.LiteRelease|Any CPU.ActiveCfg = LiteRelease|Any CPU
		{C75F238F-00DE-4F4F-BCED-767E69FE89E1}.LiteRelease|Any CPU.Build.0 = LiteRelease|Any CPU
		{C75F238F-00DE-4F4F-BCED-767E69FE89E1}.Production|Any CPU.ActiveCfg = Production|Any CPU
		{C75F238F-00DE-4F4F-BCED-767E69FE89E1}.Production|Any CPU.Build.0 = Production|Any CPU
		{C75F238F-00DE-4F4F-BCED-767E69FE89E1}.ProRelease|Any CPU.ActiveCfg = ProRelease|Any CPU
		{C75F238F-00DE-4F4F-BCED-767E69FE89E1}.ProRelease|Any CPU.Build.0 = ProRelease|Any CPU
		{C75F238F-00DE-4F4F-BCED-767E69FE89E1}.Release|Any CPU.ActiveCfg = Release|Any CPU
		{C75F238F-00DE-4F4F-BCED-767E69FE89E1}.Release|Any CPU.Build.0 = Release|Any CPU
		{C75F238F-00DE-4F4F-BCED-767E69FE89E1}.ReleaseWebProd|Any CPU.ActiveCfg = ReleaseWebProd|Any CPU
		{C75F238F-00DE-4F4F-BCED-767E69FE89E1}.ReleaseWebProd|Any CPU.Build.0 = ReleaseWebProd|Any CPU
		{C75F238F-00DE-4F4F-BCED-767E69FE89E1}.ReleaseWebTest|Any CPU.ActiveCfg = ReleaseWebTest|Any CPU
		{C75F238F-00DE-4F4F-BCED-767E69FE89E1}.ReleaseWebTest|Any CPU.Build.0 = ReleaseWebTest|Any CPU
		{C75F238F-00DE-4F4F-BCED-767E69FE89E1}.Test|Any CPU.ActiveCfg = Test|Any CPU
		{C75F238F-00DE-4F4F-BCED-767E69FE89E1}.Test|Any CPU.Build.0 = Test|Any CPU
		{8CCF927D-B4E2-4B48-8D35-F62D65BB6DEF}.BasisRelease|Any CPU.ActiveCfg = Release|Any CPU
		{8CCF927D-B4E2-4B48-8D35-F62D65BB6DEF}.BasisRelease|Any CPU.Build.0 = Release|Any CPU
		{8CCF927D-B4E2-4B48-8D35-F62D65BB6DEF}.Debug|Any CPU.ActiveCfg = Debug|Any CPU
		{8CCF927D-B4E2-4B48-8D35-F62D65BB6DEF}.Debug|Any CPU.Build.0 = Debug|Any CPU
		{8CCF927D-B4E2-4B48-8D35-F62D65BB6DEF}.LiteRelease|Any CPU.ActiveCfg = Release|Any CPU
		{8CCF927D-B4E2-4B48-8D35-F62D65BB6DEF}.LiteRelease|Any CPU.Build.0 = Release|Any CPU
		{8CCF927D-B4E2-4B48-8D35-F62D65BB6DEF}.Production|Any CPU.ActiveCfg = Release|Any CPU
		{8CCF927D-B4E2-4B48-8D35-F62D65BB6DEF}.Production|Any CPU.Build.0 = Release|Any CPU
		{8CCF927D-B4E2-4B48-8D35-F62D65BB6DEF}.ProRelease|Any CPU.ActiveCfg = Release|Any CPU
		{8CCF927D-B4E2-4B48-8D35-F62D65BB6DEF}.ProRelease|Any CPU.Build.0 = Release|Any CPU
		{8CCF927D-B4E2-4B48-8D35-F62D65BB6DEF}.Release|Any CPU.ActiveCfg = Release|Any CPU
		{8CCF927D-B4E2-4B48-8D35-F62D65BB6DEF}.Release|Any CPU.Build.0 = Release|Any CPU
		{8CCF927D-B4E2-4B48-8D35-F62D65BB6DEF}.ReleaseWebProd|Any CPU.ActiveCfg = Release|Any CPU
		{8CCF927D-B4E2-4B48-8D35-F62D65BB6DEF}.ReleaseWebProd|Any CPU.Build.0 = Release|Any CPU
		{8CCF927D-B4E2-4B48-8D35-F62D65BB6DEF}.ReleaseWebTest|Any CPU.ActiveCfg = Release|Any CPU
		{8CCF927D-B4E2-4B48-8D35-F62D65BB6DEF}.ReleaseWebTest|Any CPU.Build.0 = Release|Any CPU
		{8CCF927D-B4E2-4B48-8D35-F62D65BB6DEF}.Test|Any CPU.ActiveCfg = Release|Any CPU
		{8CCF927D-B4E2-4B48-8D35-F62D65BB6DEF}.Test|Any CPU.Build.0 = Release|Any CPU
		{874A30CC-4F27-4914-962E-FEAD690F60AF}.BasisRelease|Any CPU.ActiveCfg = Release|Any CPU
		{874A30CC-4F27-4914-962E-FEAD690F60AF}.BasisRelease|Any CPU.Build.0 = Release|Any CPU
		{874A30CC-4F27-4914-962E-FEAD690F60AF}.Debug|Any CPU.ActiveCfg = Debug|Any CPU
		{874A30CC-4F27-4914-962E-FEAD690F60AF}.Debug|Any CPU.Build.0 = Debug|Any CPU
		{874A30CC-4F27-4914-962E-FEAD690F60AF}.LiteRelease|Any CPU.ActiveCfg = Release|Any CPU
		{874A30CC-4F27-4914-962E-FEAD690F60AF}.LiteRelease|Any CPU.Build.0 = Release|Any CPU
		{874A30CC-4F27-4914-962E-FEAD690F60AF}.Production|Any CPU.ActiveCfg = Release|Any CPU
		{874A30CC-4F27-4914-962E-FEAD690F60AF}.Production|Any CPU.Build.0 = Release|Any CPU
		{874A30CC-4F27-4914-962E-FEAD690F60AF}.ProRelease|Any CPU.ActiveCfg = Release|Any CPU
		{874A30CC-4F27-4914-962E-FEAD690F60AF}.ProRelease|Any CPU.Build.0 = Release|Any CPU
		{874A30CC-4F27-4914-962E-FEAD690F60AF}.Release|Any CPU.ActiveCfg = Release|Any CPU
		{874A30CC-4F27-4914-962E-FEAD690F60AF}.Release|Any CPU.Build.0 = Release|Any CPU
		{874A30CC-4F27-4914-962E-FEAD690F60AF}.ReleaseWebProd|Any CPU.ActiveCfg = Release|Any CPU
		{874A30CC-4F27-4914-962E-FEAD690F60AF}.ReleaseWebProd|Any CPU.Build.0 = Release|Any CPU
		{874A30CC-4F27-4914-962E-FEAD690F60AF}.ReleaseWebTest|Any CPU.ActiveCfg = Release|Any CPU
		{874A30CC-4F27-4914-962E-FEAD690F60AF}.ReleaseWebTest|Any CPU.Build.0 = Release|Any CPU
		{874A30CC-4F27-4914-962E-FEAD690F60AF}.Test|Any CPU.ActiveCfg = Release|Any CPU
		{874A30CC-4F27-4914-962E-FEAD690F60AF}.Test|Any CPU.Build.0 = Release|Any CPU
		{7490254F-AA1B-4991-A088-0008E5C18CF2}.BasisRelease|Any CPU.ActiveCfg = Release|Any CPU
		{7490254F-AA1B-4991-A088-0008E5C18CF2}.BasisRelease|Any CPU.Build.0 = Release|Any CPU
		{7490254F-AA1B-4991-A088-0008E5C18CF2}.Debug|Any CPU.ActiveCfg = Debug|Any CPU
		{7490254F-AA1B-4991-A088-0008E5C18CF2}.Debug|Any CPU.Build.0 = Debug|Any CPU
		{7490254F-AA1B-4991-A088-0008E5C18CF2}.LiteRelease|Any CPU.ActiveCfg = Release|Any CPU
		{7490254F-AA1B-4991-A088-0008E5C18CF2}.LiteRelease|Any CPU.Build.0 = Release|Any CPU
		{7490254F-AA1B-4991-A088-0008E5C18CF2}.Production|Any CPU.ActiveCfg = Release|Any CPU
		{7490254F-AA1B-4991-A088-0008E5C18CF2}.Production|Any CPU.Build.0 = Release|Any CPU
		{7490254F-AA1B-4991-A088-0008E5C18CF2}.ProRelease|Any CPU.ActiveCfg = Release|Any CPU
		{7490254F-AA1B-4991-A088-0008E5C18CF2}.ProRelease|Any CPU.Build.0 = Release|Any CPU
		{7490254F-AA1B-4991-A088-0008E5C18CF2}.Release|Any CPU.ActiveCfg = Release|Any CPU
		{7490254F-AA1B-4991-A088-0008E5C18CF2}.Release|Any CPU.Build.0 = Release|Any CPU
		{7490254F-AA1B-4991-A088-0008E5C18CF2}.ReleaseWebProd|Any CPU.ActiveCfg = Release|Any CPU
		{7490254F-AA1B-4991-A088-0008E5C18CF2}.ReleaseWebProd|Any CPU.Build.0 = Release|Any CPU
		{7490254F-AA1B-4991-A088-0008E5C18CF2}.ReleaseWebTest|Any CPU.ActiveCfg = Release|Any CPU
		{7490254F-AA1B-4991-A088-0008E5C18CF2}.ReleaseWebTest|Any CPU.Build.0 = Release|Any CPU
		{7490254F-AA1B-4991-A088-0008E5C18CF2}.Test|Any CPU.ActiveCfg = Release|Any CPU
		{7490254F-AA1B-4991-A088-0008E5C18CF2}.Test|Any CPU.Build.0 = Release|Any CPU
		{A18889DC-0AE6-469F-82D8-BB1012A6646A}.BasisRelease|Any CPU.ActiveCfg = Release|Any CPU
		{A18889DC-0AE6-469F-82D8-BB1012A6646A}.BasisRelease|Any CPU.Build.0 = Release|Any CPU
		{A18889DC-0AE6-469F-82D8-BB1012A6646A}.Debug|Any CPU.ActiveCfg = Debug|Any CPU
		{A18889DC-0AE6-469F-82D8-BB1012A6646A}.Debug|Any CPU.Build.0 = Debug|Any CPU
		{A18889DC-0AE6-469F-82D8-BB1012A6646A}.LiteRelease|Any CPU.ActiveCfg = Release|Any CPU
		{A18889DC-0AE6-469F-82D8-BB1012A6646A}.LiteRelease|Any CPU.Build.0 = Release|Any CPU
		{A18889DC-0AE6-469F-82D8-BB1012A6646A}.Production|Any CPU.ActiveCfg = Release|Any CPU
		{A18889DC-0AE6-469F-82D8-BB1012A6646A}.Production|Any CPU.Build.0 = Release|Any CPU
		{A18889DC-0AE6-469F-82D8-BB1012A6646A}.ProRelease|Any CPU.ActiveCfg = Release|Any CPU
		{A18889DC-0AE6-469F-82D8-BB1012A6646A}.ProRelease|Any CPU.Build.0 = Release|Any CPU
		{A18889DC-0AE6-469F-82D8-BB1012A6646A}.Release|Any CPU.ActiveCfg = Release|Any CPU
		{A18889DC-0AE6-469F-82D8-BB1012A6646A}.Release|Any CPU.Build.0 = Release|Any CPU
		{A18889DC-0AE6-469F-82D8-BB1012A6646A}.ReleaseWebProd|Any CPU.ActiveCfg = Release|Any CPU
		{A18889DC-0AE6-469F-82D8-BB1012A6646A}.ReleaseWebProd|Any CPU.Build.0 = Release|Any CPU
		{A18889DC-0AE6-469F-82D8-BB1012A6646A}.ReleaseWebTest|Any CPU.ActiveCfg = Release|Any CPU
		{A18889DC-0AE6-469F-82D8-BB1012A6646A}.ReleaseWebTest|Any CPU.Build.0 = Release|Any CPU
		{A18889DC-0AE6-469F-82D8-BB1012A6646A}.Test|Any CPU.ActiveCfg = Release|Any CPU
		{A18889DC-0AE6-469F-82D8-BB1012A6646A}.Test|Any CPU.Build.0 = Release|Any CPU
		{C4AB377D-9E3D-4527-B049-162D1590E5AD}.BasisRelease|Any CPU.ActiveCfg = BasisRelease|Any CPU
		{C4AB377D-9E3D-4527-B049-162D1590E5AD}.BasisRelease|Any CPU.Build.0 = BasisRelease|Any CPU
		{C4AB377D-9E3D-4527-B049-162D1590E5AD}.Debug|Any CPU.ActiveCfg = Debug|Any CPU
		{C4AB377D-9E3D-4527-B049-162D1590E5AD}.Debug|Any CPU.Build.0 = Debug|Any CPU
		{C4AB377D-9E3D-4527-B049-162D1590E5AD}.LiteRelease|Any CPU.ActiveCfg = LiteRelease|Any CPU
		{C4AB377D-9E3D-4527-B049-162D1590E5AD}.LiteRelease|Any CPU.Build.0 = LiteRelease|Any CPU
		{C4AB377D-9E3D-4527-B049-162D1590E5AD}.Production|Any CPU.ActiveCfg = ProRelease|Any CPU
		{C4AB377D-9E3D-4527-B049-162D1590E5AD}.Production|Any CPU.Build.0 = ProRelease|Any CPU
		{C4AB377D-9E3D-4527-B049-162D1590E5AD}.ProRelease|Any CPU.ActiveCfg = ProRelease|Any CPU
		{C4AB377D-9E3D-4527-B049-162D1590E5AD}.ProRelease|Any CPU.Build.0 = ProRelease|Any CPU
		{C4AB377D-9E3D-4527-B049-162D1590E5AD}.Release|Any CPU.ActiveCfg = Release|Any CPU
		{C4AB377D-9E3D-4527-B049-162D1590E5AD}.Release|Any CPU.Build.0 = Release|Any CPU
		{C4AB377D-9E3D-4527-B049-162D1590E5AD}.ReleaseWebProd|Any CPU.ActiveCfg = Release|Any CPU
		{C4AB377D-9E3D-4527-B049-162D1590E5AD}.ReleaseWebProd|Any CPU.Build.0 = Release|Any CPU
		{C4AB377D-9E3D-4527-B049-162D1590E5AD}.ReleaseWebTest|Any CPU.ActiveCfg = Release|Any CPU
		{C4AB377D-9E3D-4527-B049-162D1590E5AD}.ReleaseWebTest|Any CPU.Build.0 = Release|Any CPU
		{C4AB377D-9E3D-4527-B049-162D1590E5AD}.Test|Any CPU.ActiveCfg = ProRelease|Any CPU
		{C4AB377D-9E3D-4527-B049-162D1590E5AD}.Test|Any CPU.Build.0 = ProRelease|Any CPU
	EndGlobalSection
	GlobalSection(SolutionProperties) = preSolution
		HideSolutionNode = FALSE
	EndGlobalSection
	GlobalSection(NestedProjects) = preSolution
		{7041ABB5-A1F2-4D00-83A6-63C461D5C640} = {74D3154E-1A35-43E9-BD84-7640E1249D25}
		{74D3154E-1A35-43E9-BD84-7640E1249D25} = {553A45A8-94E1-4684-B50F-14668263C89C}
		{802DD649-6D9B-4151-97EF-ED65B8FDA07E} = {553A45A8-94E1-4684-B50F-14668263C89C}
		{A39F2156-6A94-41A7-98D0-510F5B4FA905} = {553A45A8-94E1-4684-B50F-14668263C89C}
		{FA619AD8-C27D-4D16-A699-CF03FC65AFE9} = {802DD649-6D9B-4151-97EF-ED65B8FDA07E}
		{62E354D7-C44B-45E4-832D-27C026EA4698} = {A39F2156-6A94-41A7-98D0-510F5B4FA905}
		{45E9A179-04E4-48C2-8FFA-1BBB5F55143C} = {553A45A8-94E1-4684-B50F-14668263C89C}
		{68F1F4A8-6535-454E-99D1-7B9BD0C353B6} = {45E9A179-04E4-48C2-8FFA-1BBB5F55143C}
		{0CFE66A7-4595-4FEB-9C08-E7500F05B5FF} = {45E9A179-04E4-48C2-8FFA-1BBB5F55143C}
		{B153F1DB-1E00-49EC-B436-D1EC445C4B1F} = {74D3154E-1A35-43E9-BD84-7640E1249D25}
		{E5E75AE2-F796-4751-A62B-A903C26CB035} = {802DD649-6D9B-4151-97EF-ED65B8FDA07E}
		{C75F238F-00DE-4F4F-BCED-767E69FE89E1} = {45E9A179-04E4-48C2-8FFA-1BBB5F55143C}
		{8CCF927D-B4E2-4B48-8D35-F62D65BB6DEF} = {A39F2156-6A94-41A7-98D0-510F5B4FA905}
		{0486B8BF-9BC0-4DA8-9E38-9B8B536C2A09} = {8C28C755-5256-4124-8650-12CA4835C1AD}
		{874A30CC-4F27-4914-962E-FEAD690F60AF} = {0486B8BF-9BC0-4DA8-9E38-9B8B536C2A09}
		{7490254F-AA1B-4991-A088-0008E5C18CF2} = {74D3154E-1A35-43E9-BD84-7640E1249D25}
		{1BFA4AB0-59DD-4CDC-8153-6F3FE9A718BB} = {8C28C755-5256-4124-8650-12CA4835C1AD}
		{A18889DC-0AE6-469F-82D8-BB1012A6646A} = {1BFA4AB0-59DD-4CDC-8153-6F3FE9A718BB}
		{C4AB377D-9E3D-4527-B049-162D1590E5AD} = {45E9A179-04E4-48C2-8FFA-1BBB5F55143C}
	EndGlobalSection
	GlobalSection(ExtensibilityGlobals) = postSolution
		SolutionGuid = {B1AA7935-BC49-4764-B1CE-61839A3441EB}
	EndGlobalSection
EndGlobal
